Microsoft Visual Studio Solution File, Format Version 12.00
# Visual Studio Version 17
VisualStudioVersion = 17.0.31903.59
MinimumVisualStudioVersion = 10.0.40219.1
Project("{8BC9CEB8-8B4A-11D0-8D11-00A0C91BC942}") = "CTL Math Unit Tests", "projects\ctl_math_unit_tests.vcxproj", "{98D50A99-2D12-452B-A34F-ACDE9274E2A1}"
EndProject
Project("{8BC9CEB8-8B4A-11D0-8D11-00A0C91BC942}") = "CTL Intrinsic Unit Tests", "projects\ctl_intrinsic_unit_tests.vcxproj", "{E6F739F5-69ED-4F1B-A585-D8B48F4044DB}"
EndProject
Project("{8BC9CEB8-8B4A-11D0-8D11-00A0C91BC942}") = "CTL Interface Unit Tests", "projects\ctl_interface_unit_tests.vcxproj", "{304A852D-5167-4FC8-9C5D-F0A2C76A1858}"
EndProject
Global
	GlobalSection(SolutionConfigurationPlatforms) = preSolution
		Debug|x64 = Debug|x64
		Release|x64 = Release|x64
	EndGlobalSection
	GlobalSection(ProjectConfigurationPlatforms) = postSolution
		{98D50A99-2D12-452B-A34F-ACDE9274E2A1}.Debug|x64.ActiveCfg = Debug|x64
		{98D50A99-2D12-452B-A34F-ACDE9274E2A1}.Debug|x64.Build.0 = Debug|x64
		{98D50A99-2D12-452B-A34F-ACDE9274E2A1}.Release|x64.ActiveCfg = Release|x64
		{98D50A99-2D12-452B-A34F-ACDE9274E2A1}.Release|x64.Build.0 = Release|x64
		{E6F739F5-69ED-4F1B-A585-D8B48F4044DB}.Debug|x64.ActiveCfg = Debug|x64
		{E6F739F5-69ED-4F1B-A585-D8B48F4044DB}.Debug|x64.Build.0 = Debug|x64
		{E6F739F5-69ED-4F1B-A585-D8B48F4044DB}.Release|x64.ActiveCfg = Release|x64
		{E6F739F5-69ED-4F1B-A585-D8B48F4044DB}.Release|x64.Build.0 = Release|x64
		{304A852D-5167-4FC8-9C5D-F0A2C76A1858}.Debug|x64.ActiveCfg = Debug|x64
		{304A852D-5167-4FC8-9C5D-F0A2C76A1858}.Debug|x64.Build.0 = Debug|x64
		{304A852D-5167-4FC8-9C5D-F0A2C76A1858}.Release|x64.ActiveCfg = Release|x64
		{304A852D-5167-4FC8-9C5D-F0A2C76A1858}.Release|x64.Build.0 = Release|x64
	EndGlobalSection
	GlobalSection(SolutionProperties) = preSolution
		HideSolutionNode = FALSE
	EndGlobalSection
	GlobalSection(ExtensibilityGlobals) = postSolution
		SolutionGuid = {A991A10E-CE0D-4F76-B7CA-CFFFB20AD319}
	EndGlobalSection
EndGlobal
